
Microsoft Visual Studio Solution File, Format Version 12.00
# Visual Studio Version 17
VisualStudioVersion = 17.2.32602.215
MinimumVisualStudioVersion = 10.0.40219.1
Project("{FAE04EC0-301F-11D3-BF4B-00C04F79EFBC}") = "Backend", "Backend\Backend.csproj", "{F5160DF1-6C8D-4D52-9F61-77EA142B7C65}"
EndProject
Project("{FAE04EC0-301F-11D3-BF4B-00C04F79EFBC}") = "YumCiityDBSpecific", "C:\Users\youne\OneDrive\Documents\LLBLGen Pro\v5.9\Projects\Code\DatabaseSpecific\YumCiityDBSpecific.csproj", "{86AE48CF-A25B-4C8D-88B2-85C24A016F6F}"
EndProject
Project("{FAE04EC0-301F-11D3-BF4B-00C04F79EFBC}") = "YumCiity", "C:\Users\youne\OneDrive\Documents\LLBLGen Pro\v5.9\Projects\Code\DatabaseGeneric\YumCiity.csproj", "{DDA7BCA4-859B-438E-991D-CA828351E152}"
EndProject
Global
	GlobalSection(SolutionConfigurationPlatforms) = preSolution
		Debug|Any CPU = Debug|Any CPU
		Release|Any CPU = Release|Any CPU
	EndGlobalSection
	GlobalSection(ProjectConfigurationPlatforms) = postSolution
		{F5160DF1-6C8D-4D52-9F61-77EA142B7C65}.Debug|Any CPU.ActiveCfg = Debug|Any CPU
		{F5160DF1-6C8D-4D52-9F61-77EA142B7C65}.Debug|Any CPU.Build.0 = Debug|Any CPU
		{F5160DF1-6C8D-4D52-9F61-77EA142B7C65}.Release|Any CPU.ActiveCfg = Release|Any CPU
		{F5160DF1-6C8D-4D52-9F61-77EA142B7C65}.Release|Any CPU.Build.0 = Release|Any CPU
		{86AE48CF-A25B-4C8D-88B2-85C24A016F6F}.Debug|Any CPU.ActiveCfg = Debug|Any CPU
		{86AE48CF-A25B-4C8D-88B2-85C24A016F6F}.Debug|Any CPU.Build.0 = Debug|Any CPU
		{86AE48CF-A25B-4C8D-88B2-85C24A016F6F}.Release|Any CPU.ActiveCfg = Release|Any CPU
		{86AE48CF-A25B-4C8D-88B2-85C24A016F6F}.Release|Any CPU.Build.0 = Release|Any CPU
		{DDA7BCA4-859B-438E-991D-CA828351E152}.Debug|Any CPU.ActiveCfg = Debug|Any CPU
		{DDA7BCA4-859B-438E-991D-CA828351E152}.Debug|Any CPU.Build.0 = Debug|Any CPU
		{DDA7BCA4-859B-438E-991D-CA828351E152}.Release|Any CPU.ActiveCfg = Release|Any CPU
		{DDA7BCA4-859B-438E-991D-CA828351E152}.Release|Any CPU.Build.0 = Release|Any CPU
	EndGlobalSection
	GlobalSection(SolutionProperties) = preSolution
		HideSolutionNode = FALSE
	EndGlobalSection
	GlobalSection(ExtensibilityGlobals) = postSolution
		SolutionGuid = {D00E40AB-5218-4368-8CCC-314A0078026C}
	EndGlobalSection
EndGlobal
