
Microsoft Visual Studio Solution File, Format Version 12.00
# Visual Studio Version 17
VisualStudioVersion = 17.2.32602.215
MinimumVisualStudioVersion = 10.0.40219.1
Project("{FAE04EC0-301F-11D3-BF4B-00C04F79EFBC}") = "API", "API\API.csproj", "{875C02BF-6F0C-4146-A885-809147F48EC6}"
EndProject
Project("{9A19103F-16F7-4668-BE54-9A1E7A4F7556}") = "YumCityDBSpecific", "C:\Users\youne\OneDrive\Documents\LLBLGen Pro\v5.9\Projects\Code\DatabaseSpecific\YumCityDBSpecific.csproj", "{788A4A1C-4348-4FDB-B9BF-D79735501309}"
EndProject
Project("{9A19103F-16F7-4668-BE54-9A1E7A4F7556}") = "YumCity", "C:\Users\youne\OneDrive\Documents\LLBLGen Pro\v5.9\Projects\Code\DatabaseGeneric\YumCity.csproj", "{6008AE41-2EE6-4037-BDDC-7A6FE34B100A}"
EndProject
Global
	GlobalSection(SolutionConfigurationPlatforms) = preSolution
		Debug|Any CPU = Debug|Any CPU
		Release|Any CPU = Release|Any CPU
	EndGlobalSection
	GlobalSection(ProjectConfigurationPlatforms) = postSolution
		{875C02BF-6F0C-4146-A885-809147F48EC6}.Debug|Any CPU.ActiveCfg = Debug|Any CPU
		{875C02BF-6F0C-4146-A885-809147F48EC6}.Debug|Any CPU.Build.0 = Debug|Any CPU
		{875C02BF-6F0C-4146-A885-809147F48EC6}.Release|Any CPU.ActiveCfg = Release|Any CPU
		{875C02BF-6F0C-4146-A885-809147F48EC6}.Release|Any CPU.Build.0 = Release|Any CPU
		{788A4A1C-4348-4FDB-B9BF-D79735501309}.Debug|Any CPU.ActiveCfg = Debug|Any CPU
		{788A4A1C-4348-4FDB-B9BF-D79735501309}.Debug|Any CPU.Build.0 = Debug|Any CPU
		{788A4A1C-4348-4FDB-B9BF-D79735501309}.Release|Any CPU.ActiveCfg = Release|Any CPU
		{788A4A1C-4348-4FDB-B9BF-D79735501309}.Release|Any CPU.Build.0 = Release|Any CPU
		{6008AE41-2EE6-4037-BDDC-7A6FE34B100A}.Debug|Any CPU.ActiveCfg = Debug|Any CPU
		{6008AE41-2EE6-4037-BDDC-7A6FE34B100A}.Debug|Any CPU.Build.0 = Debug|Any CPU
		{6008AE41-2EE6-4037-BDDC-7A6FE34B100A}.Release|Any CPU.ActiveCfg = Release|Any CPU
		{6008AE41-2EE6-4037-BDDC-7A6FE34B100A}.Release|Any CPU.Build.0 = Release|Any CPU
	EndGlobalSection
	GlobalSection(SolutionProperties) = preSolution
		HideSolutionNode = FALSE
	EndGlobalSection
	GlobalSection(ExtensibilityGlobals) = postSolution
		SolutionGuid = {779771BE-92A4-42CB-8DDA-39325FEE2D90}
	EndGlobalSection
EndGlobal
